// !$*UTF8*$!
{
	archiveVersion = 1;
	classes = {
	};
	objectVersion = 56;
	objects = {

/* Begin PBXBuildFile section */
		C75F82862B51D7AB0098123B /* BarcodeScanner2App.swift in Sources */ = {isa = PBXBuildFile; fileRef = C75F82852B51D7AB0098123B /* BarcodeScanner2App.swift */; };
		C75F82882B51D7AB0098123B /* BarcodeScannerView.swift in Sources */ = {isa = PBXBuildFile; fileRef = C75F82872B51D7AB0098123B /* BarcodeScannerView.swift */; };
		C75F828A2B51D7AC0098123B /* Assets.xcassets in Resources */ = {isa = PBXBuildFile; fileRef = C75F82892B51D7AC0098123B /* Assets.xcassets */; };
		C75F828D2B51D7AC0098123B /* Preview Assets.xcassets in Resources */ = {isa = PBXBuildFile; fileRef = C75F828C2B51D7AC0098123B /* Preview Assets.xcassets */; };
		C75F82942B51DA290098123B /* ScannerVC.swift in Sources */ = {isa = PBXBuildFile; fileRef = C75F82932B51DA290098123B /* ScannerVC.swift */; };
		C75F82962B51EB3C0098123B /* ScannerView.swift in Sources */ = {isa = PBXBuildFile; fileRef = C75F82952B51EB3C0098123B /* ScannerView.swift */; };
		C75F82982B52056A0098123B /* Alert.swift in Sources */ = {isa = PBXBuildFile; fileRef = C75F82972B52056A0098123B /* Alert.swift */; };
		C75F829C2B5205FB0098123B /* BarcodeScannerViewModel.swift in Sources */ = {isa = PBXBuildFile; fileRef = C75F829B2B5205FB0098123B /* BarcodeScannerViewModel.swift */; };
/* End PBXBuildFile section */

/* Begin PBXFileReference section */
		C75F82822B51D7AB0098123B /* BarcodeScanner2.app */ = {isa = PBXFileReference; explicitFileType = wrapper.application; includeInIndex = 0; path = BarcodeScanner2.app; sourceTree = BUILT_PRODUCTS_DIR; };
		C75F82852B51D7AB0098123B /* BarcodeScanner2App.swift */ = {isa = PBXFileReference; lastKnownFileType = sourcecode.swift; path = BarcodeScanner2App.swift; sourceTree = "<group>"; };
		C75F82872B51D7AB0098123B /* BarcodeScannerView.swift */ = {isa = PBXFileReference; lastKnownFileType = sourcecode.swift; path = BarcodeScannerView.swift; sourceTree = "<group>"; };
		C75F82892B51D7AC0098123B /* Assets.xcassets */ = {isa = PBXFileReference; lastKnownFileType = folder.assetcatalog; path = Assets.xcassets; sourceTree = "<group>"; };
		C75F828C2B51D7AC0098123B /* Preview Assets.xcassets */ = {isa = PBXFileReference; lastKnownFileType = folder.assetcatalog; path = "Preview Assets.xcassets"; sourceTree = "<group>"; };
		C75F82932B51DA290098123B /* ScannerVC.swift */ = {isa = PBXFileReference; lastKnownFileType = sourcecode.swift; path = ScannerVC.swift; sourceTree = "<group>"; };
		C75F82952B51EB3C0098123B /* ScannerView.swift */ = {isa = PBXFileReference; lastKnownFileType = sourcecode.swift; path = ScannerView.swift; sourceTree = "<group>"; };
		C75F82972B52056A0098123B /* Alert.swift */ = {isa = PBXFileReference; lastKnownFileType = sourcecode.swift; path = Alert.swift; sourceTree = "<group>"; };
		C75F829B2B5205FB0098123B /* BarcodeScannerViewModel.swift */ = {isa = PBXFileReference; lastKnownFileType = sourcecode.swift; path = BarcodeScannerViewModel.swift; sourceTree = "<group>"; };
/* End PBXFileReference section */

/* Begin PBXFrameworksBuildPhase section */
		C75F827F2B51D7AB0098123B /* Frameworks */ = {
			isa = PBXFrameworksBuildPhase;
			buildActionMask = 2147483647;
			files = (
			);
			runOnlyForDeploymentPostprocessing = 0;
		};
/* End PBXFrameworksBuildPhase section */

/* Begin PBXGroup section */
		C75F82792B51D7AB0098123B = {
			isa = PBXGroup;
			children = (
				C75F82842B51D7AB0098123B /* BarcodeScanner2 */,
				C75F82832B51D7AB0098123B /* Products */,
			);
			sourceTree = "<group>";
		};
		C75F82832B51D7AB0098123B /* Products */ = {
			isa = PBXGroup;
			children = (
				C75F82822B51D7AB0098123B /* BarcodeScanner2.app */,
			);
			name = Products;
			sourceTree = "<group>";
		};
		C75F82842B51D7AB0098123B /* BarcodeScanner2 */ = {
			isa = PBXGroup;
			children = (
				C75F82A12B5208700098123B /* Utilities */,
				C75F829F2B52082E0098123B /* Views */,
				C75F829D2B5207EF0098123B /* Screens */,
				C75F82852B51D7AB0098123B /* BarcodeScanner2App.swift */,
				C75F82892B51D7AC0098123B /* Assets.xcassets */,
				C75F828B2B51D7AC0098123B /* Preview Content */,
			);
			path = BarcodeScanner2;
			sourceTree = "<group>";
		};
		C75F828B2B51D7AC0098123B /* Preview Content */ = {
			isa = PBXGroup;
			children = (
				C75F828C2B51D7AC0098123B /* Preview Assets.xcassets */,
			);
			path = "Preview Content";
			sourceTree = "<group>";
		};
		C75F829D2B5207EF0098123B /* Screens */ = {
			isa = PBXGroup;
			children = (
				C75F829E2B52081B0098123B /* BarcodeScanner */,
			);
			path = Screens;
			sourceTree = "<group>";
		};
		C75F829E2B52081B0098123B /* BarcodeScanner */ = {
			isa = PBXGroup;
			children = (
				C75F82872B51D7AB0098123B /* BarcodeScannerView.swift */,
				C75F829B2B5205FB0098123B /* BarcodeScannerViewModel.swift */,
			);
			path = BarcodeScanner;
			sourceTree = "<group>";
		};
		C75F829F2B52082E0098123B /* Views */ = {
			isa = PBXGroup;
			children = (
				C75F82A02B5208310098123B /* UIKit Components */,
			);
			path = Views;
			sourceTree = "<group>";
		};
		C75F82A02B5208310098123B /* UIKit Components */ = {
			isa = PBXGroup;
			children = (
				C75F82932B51DA290098123B /* ScannerVC.swift */,
				C75F82952B51EB3C0098123B /* ScannerView.swift */,
			);
			path = "UIKit Components";
			sourceTree = "<group>";
		};
		C75F82A12B5208700098123B /* Utilities */ = {
			isa = PBXGroup;
			children = (
				C75F82972B52056A0098123B /* Alert.swift */,
			);
			path = Utilities;
			sourceTree = "<group>";
		};
/* End PBXGroup section */

/* Begin PBXNativeTarget section */
		C75F82812B51D7AB0098123B /* BarcodeScanner2 */ = {
			isa = PBXNativeTarget;
			buildConfigurationList = C75F82902B51D7AC0098123B /* Build configuration list for PBXNativeTarget "BarcodeScanner2" */;
			buildPhases = (
				C75F827E2B51D7AB0098123B /* Sources */,
				C75F827F2B51D7AB0098123B /* Frameworks */,
				C75F82802B51D7AB0098123B /* Resources */,
			);
			buildRules = (
			);
			dependencies = (
			);
			name = BarcodeScanner2;
			productName = BarcodeScanner2;
			productReference = C75F82822B51D7AB0098123B /* BarcodeScanner2.app */;
			productType = "com.apple.product-type.application";
		};
/* End PBXNativeTarget section */

/* Begin PBXProject section */
		C75F827A2B51D7AB0098123B /* Project object */ = {
			isa = PBXProject;
			attributes = {
				BuildIndependentTargetsInParallel = 1;
				LastSwiftUpdateCheck = 1520;
				LastUpgradeCheck = 1520;
				TargetAttributes = {
					C75F82812B51D7AB0098123B = {
						CreatedOnToolsVersion = 15.2;
					};
				};
			};
			buildConfigurationList = C75F827D2B51D7AB0098123B /* Build configuration list for PBXProject "BarcodeScanner2" */;
			compatibilityVersion = "Xcode 14.0";
			developmentRegion = en;
			hasScannedForEncodings = 0;
			knownRegions = (
				en,
				Base,
			);
			mainGroup = C75F82792B51D7AB0098123B;
			productRefGroup = C75F82832B51D7AB0098123B /* Products */;
			projectDirPath = "";
			projectRoot = "";
			targets = (
				C75F82812B51D7AB0098123B /* BarcodeScanner2 */,
			);
		};
/* End PBXProject section */

/* Begin PBXResourcesBuildPhase section */
		C75F82802B51D7AB0098123B /* Resources */ = {
			isa = PBXResourcesBuildPhase;
			buildActionMask = 2147483647;
			files = (
				C75F828D2B51D7AC0098123B /* Preview Assets.xcassets in Resources */,
				C75F828A2B51D7AC0098123B /* Assets.xcassets in Resources */,
			);
			runOnlyForDeploymentPostprocessing = 0;
		};
/* End PBXResourcesBuildPhase section */

/* Begin PBXSourcesBuildPhase section */
		C75F827E2B51D7AB0098123B /* Sources */ = {
			isa = PBXSourcesBuildPhase;
			buildActionMask = 2147483647;
			files = (
				C75F829C2B5205FB0098123B /* BarcodeScannerViewModel.swift in Sources */,
				C75F82942B51DA290098123B /* ScannerVC.swift in Sources */,
				C75F82962B51EB3C0098123B /* ScannerView.swift in Sources */,
				C75F82882B51D7AB0098123B /* BarcodeScannerView.swift in Sources */,
				C75F82982B52056A0098123B /* Alert.swift in Sources */,
				C75F82862B51D7AB0098123B /* BarcodeScanner2App.swift in Sources */,
			);
			runOnlyForDeploymentPostprocessing = 0;
		};
/* End PBXSourcesBuildPhase section */

/* Begin XCBuildConfiguration section */
		C75F828E2B51D7AC0098123B /* Debug */ = {
			isa = XCBuildConfiguration;
			buildSettings = {
				ALWAYS_SEARCH_USER_PATHS = NO;
				ASSETCATALOG_COMPILER_GENERATE_SWIFT_ASSET_SYMBOL_EXTENSIONS = YES;
				CLANG_ANALYZER_NONNULL = YES;
				CLANG_ANALYZER_NUMBER_OBJECT_CONVERSION = YES_AGGRESSIVE;
				CLANG_CXX_LANGUAGE_STANDARD = "gnu++20";
				CLANG_ENABLE_MODULES = YES;
				CLANG_ENABLE_OBJC_ARC = YES;
				CLANG_ENABLE_OBJC_WEAK = YES;
				CLANG_WARN_BLOCK_CAPTURE_AUTORELEASING = YES;
				CLANG_WARN_BOOL_CONVERSION = YES;
				CLANG_WARN_COMMA = YES;
				CLANG_WARN_CONSTANT_CONVERSION = YES;
				CLANG_WARN_DEPRECATED_OBJC_IMPLEMENTATIONS = YES;
				CLANG_WARN_DIRECT_OBJC_ISA_USAGE = YES_ERROR;
				CLANG_WARN_DOCUMENTATION_COMMENTS = YES;
				CLANG_WARN_EMPTY_BODY = YES;
				CLANG_WARN_ENUM_CONVERSION = YES;
				CLANG_WARN_INFINITE_RECURSION = YES;
				CLANG_WARN_INT_CONVERSION = YES;
				CLANG_WARN_NON_LITERAL_NULL_CONVERSION = YES;
				CLANG_WARN_OBJC_IMPLICIT_RETAIN_SELF = YES;
				CLANG_WARN_OBJC_LITERAL_CONVERSION = YES;
				CLANG_WARN_OBJC_ROOT_CLASS = YES_ERROR;
				CLANG_WARN_QUOTED_INCLUDE_IN_FRAMEWORK_HEADER = YES;
				CLANG_WARN_RANGE_LOOP_ANALYSIS = YES;
				CLANG_WARN_STRICT_PROTOTYPES = YES;
				CLANG_WARN_SUSPICIOUS_MOVE = YES;
				CLANG_WARN_UNGUARDED_AVAILABILITY = YES_AGGRESSIVE;
				CLANG_WARN_UNREACHABLE_CODE = YES;
				CLANG_WARN__DUPLICATE_METHOD_MATCH = YES;
				COPY_PHASE_STRIP = NO;
				DEBUG_INFORMATION_FORMAT = dwarf;
				ENABLE_STRICT_OBJC_MSGSEND = YES;
				ENABLE_TESTABILITY = YES;
				ENABLE_USER_SCRIPT_SANDBOXING = YES;
				GCC_C_LANGUAGE_STANDARD = gnu17;
				GCC_DYNAMIC_NO_PIC = NO;
				GCC_NO_COMMON_BLOCKS = YES;
				GCC_OPTIMIZATION_LEVEL = 0;
				GCC_PREPROCESSOR_DEFINITIONS = (
					"DEBUG=1",
					"$(inherited)",
				);
				GCC_WARN_64_TO_32_BIT_CONVERSION = YES;
				GCC_WARN_ABOUT_RETURN_TYPE = YES_ERROR;
				GCC_WARN_UNDECLARED_SELECTOR = YES;
				GCC_WARN_UNINITIALIZED_AUTOS = YES_AGGRESSIVE;
				GCC_WARN_UNUSED_FUNCTION = YES;
				GCC_WARN_UNUSED_VARIABLE = YES;
				IPHONEOS_DEPLOYMENT_TARGET = 17.2;
				LOCALIZATION_PREFERS_STRING_CATALOGS = YES;
				MTL_ENABLE_DEBUG_INFO = INCLUDE_SOURCE;
				MTL_FAST_MATH = YES;
				ONLY_ACTIVE_ARCH = YES;
				SDKROOT = iphoneos;
				SWIFT_ACTIVE_COMPILATION_CONDITIONS = "DEBUG $(inherited)";
				SWIFT_OPTIMIZATION_LEVEL = "-Onone";
			};
			name = Debug;
		};
		C75F828F2B51D7AC0098123B /* Release */ = {
			isa = XCBuildConfiguration;
			buildSettings = {
				ALWAYS_SEARCH_USER_PATHS = NO;
				ASSETCATALOG_COMPILER_GENERATE_SWIFT_ASSET_SYMBOL_EXTENSIONS = YES;
				CLANG_ANALYZER_NONNULL = YES;
				CLANG_ANALYZER_NUMBER_OBJECT_CONVERSION = YES_AGGRESSIVE;
				CLANG_CXX_LANGUAGE_STANDARD = "gnu++20";
				CLANG_ENABLE_MODULES = YES;
				CLANG_ENABLE_OBJC_ARC = YES;
				CLANG_ENABLE_OBJC_WEAK = YES;
				CLANG_WARN_BLOCK_CAPTURE_AUTORELEASING = YES;
				CLANG_WARN_BOOL_CONVERSION = YES;
				CLANG_WARN_COMMA = YES;
				CLANG_WARN_CONSTANT_CONVERSION = YES;
				CLANG_WARN_DEPRECATED_OBJC_IMPLEMENTATIONS = YES;
				CLANG_WARN_DIRECT_OBJC_ISA_USAGE = YES_ERROR;
				CLANG_WARN_DOCUMENTATION_COMMENTS = YES;
				CLANG_WARN_EMPTY_BODY = YES;
				CLANG_WARN_ENUM_CONVERSION = YES;
				CLANG_WARN_INFINITE_RECURSION = YES;
				CLANG_WARN_INT_CONVERSION = YES;
				CLANG_WARN_NON_LITERAL_NULL_CONVERSION = YES;
				CLANG_WARN_OBJC_IMPLICIT_RETAIN_SELF = YES;
				CLANG_WARN_OBJC_LITERAL_CONVERSION = YES;
				CLANG_WARN_OBJC_ROOT_CLASS = YES_ERROR;
				CLANG_WARN_QUOTED_INCLUDE_IN_FRAMEWORK_HEADER = YES;
				CLANG_WARN_RANGE_LOOP_ANALYSIS = YES;
				CLANG_WARN_STRICT_PROTOTYPES = YES;
				CLANG_WARN_SUSPICIOUS_MOVE = YES;
				CLANG_WARN_UNGUARDED_AVAILABILITY = YES_AGGRESSIVE;
				CLANG_WARN_UNREACHABLE_CODE = YES;
				CLANG_WARN__DUPLICATE_METHOD_MATCH = YES;
				COPY_PHASE_STRIP = NO;
				DEBUG_INFORMATION_FORMAT = "dwarf-with-dsym";
				ENABLE_NS_ASSERTIONS = NO;
				ENABLE_STRICT_OBJC_MSGSEND = YES;
				ENABLE_USER_SCRIPT_SANDBOXING = YES;
				GCC_C_LANGUAGE_STANDARD = gnu17;
				GCC_NO_COMMON_BLOCKS = YES;
				GCC_WARN_64_TO_32_BIT_CONVERSION = YES;
				GCC_WARN_ABOUT_RETURN_TYPE = YES_ERROR;
				GCC_WARN_UNDECLARED_SELECTOR = YES;
				GCC_WARN_UNINITIALIZED_AUTOS = YES_AGGRESSIVE;
				GCC_WARN_UNUSED_FUNCTION = YES;
				GCC_WARN_UNUSED_VARIABLE = YES;
				IPHONEOS_DEPLOYMENT_TARGET = 17.2;
				LOCALIZATION_PREFERS_STRING_CATALOGS = YES;
				MTL_ENABLE_DEBUG_INFO = NO;
				MTL_FAST_MATH = YES;
				SDKROOT = iphoneos;
				SWIFT_COMPILATION_MODE = wholemodule;
				VALIDATE_PRODUCT = YES;
			};
			name = Release;
		};
		C75F82912B51D7AC0098123B /* Debug */ = {
			isa = XCBuildConfiguration;
			buildSettings = {
				ASSETCATALOG_COMPILER_APPICON_NAME = AppIcon;
				ASSETCATALOG_COMPILER_GLOBAL_ACCENT_COLOR_NAME = AccentColor;
				CODE_SIGN_STYLE = Automatic;
				CURRENT_PROJECT_VERSION = 1;
				DEVELOPMENT_ASSET_PATHS = "\"BarcodeScanner2/Preview Content\"";
				DEVELOPMENT_TEAM = VFGF7JD733;
				ENABLE_PREVIEWS = YES;
				GENERATE_INFOPLIST_FILE = YES;
				INFOPLIST_KEY_LSApplicationCategoryType = "";
				INFOPLIST_KEY_NSCameraUsageDescription = "We need to use the camera to scan barcodes.";
				INFOPLIST_KEY_UIApplicationSceneManifest_Generation = YES;
				INFOPLIST_KEY_UIApplicationSupportsIndirectInputEvents = YES;
				INFOPLIST_KEY_UILaunchScreen_Generation = YES;
				INFOPLIST_KEY_UISupportedInterfaceOrientations_iPad = "UIInterfaceOrientationPortrait UIInterfaceOrientationPortraitUpsideDown UIInterfaceOrientationLandscapeLeft UIInterfaceOrientationLandscapeRight";
				INFOPLIST_KEY_UISupportedInterfaceOrientations_iPhone = "UIInterfaceOrientationPortrait UIInterfaceOrientationLandscapeLeft UIInterfaceOrientationLandscapeRight";
				LD_RUNPATH_SEARCH_PATHS = (
					"$(inherited)",
					"@executable_path/Frameworks",
				);
				MARKETING_VERSION = 1.0;
				PRODUCT_BUNDLE_IDENTIFIER = co.lexi.BarcodeScanner2;
				PRODUCT_NAME = "$(TARGET_NAME)";
				SWIFT_EMIT_LOC_STRINGS = YES;
				SWIFT_VERSION = 5.0;
				TARGETED_DEVICE_FAMILY = "1,2";
			};
			name = Debug;
		};
		C75F82922B51D7AC0098123B /* Release */ = {
			isa = XCBuildConfiguration;
			buildSettings = {
				ASSETCATALOG_COMPILER_APPICON_NAME = AppIcon;
				ASSETCATALOG_COMPILER_GLOBAL_ACCENT_COLOR_NAME = AccentColor;
				CODE_SIGN_STYLE = Automatic;
				CURRENT_PROJECT_VERSION = 1;
				DEVELOPMENT_ASSET_PATHS = "\"BarcodeScanner2/Preview Content\"";
				DEVELOPMENT_TEAM = VFGF7JD733;
				ENABLE_PREVIEWS = YES;
				GENERATE_INFOPLIST_FILE = YES;
				INFOPLIST_KEY_LSApplicationCategoryType = "";
				INFOPLIST_KEY_NSCameraUsageDescription = "We need to use the camera to scan barcodes.";
				INFOPLIST_KEY_UIApplicationSceneManifest_Generation = YES;
				INFOPLIST_KEY_UIApplicationSupportsIndirectInputEvents = YES;
				INFOPLIST_KEY_UILaunchScreen_Generation = YES;
				INFOPLIST_KEY_UISupportedInterfaceOrientations_iPad = "UIInterfaceOrientationPortrait UIInterfaceOrientationPortraitUpsideDown UIInterfaceOrientationLandscapeLeft UIInterfaceOrientationLandscapeRight";
				INFOPLIST_KEY_UISupportedInterfaceOrientations_iPhone = "UIInterfaceOrientationPortrait UIInterfaceOrientationLandscapeLeft UIInterfaceOrientationLandscapeRight";
				LD_RUNPATH_SEARCH_PATHS = (
					"$(inherited)",
					"@executable_path/Frameworks",
				);
				MARKETING_VERSION = 1.0;
				PRODUCT_BUNDLE_IDENTIFIER = co.lexi.BarcodeScanner2;
				PRODUCT_NAME = "$(TARGET_NAME)";
				SWIFT_EMIT_LOC_STRINGS = YES;
				SWIFT_VERSION = 5.0;
				TARGETED_DEVICE_FAMILY = "1,2";
			};
			name = Release;
		};
/* End XCBuildConfiguration section */

/* Begin XCConfigurationList section */
		C75F827D2B51D7AB0098123B /* Build configuration list for PBXProject "BarcodeScanner2" */ = {
			isa = XCConfigurationList;
			buildConfigurations = (
				C75F828E2B51D7AC0098123B /* Debug */,
				C75F828F2B51D7AC0098123B /* Release */,
			);
			defaultConfigurationIsVisible = 0;
			defaultConfigurationName = Release;
		};
		C75F82902B51D7AC0098123B /* Build configuration list for PBXNativeTarget "BarcodeScanner2" */ = {
			isa = XCConfigurationList;
			buildConfigurations = (
				C75F82912B51D7AC0098123B /* Debug */,
				C75F82922B51D7AC0098123B /* Release */,
			);
			defaultConfigurationIsVisible = 0;
			defaultConfigurationName = Release;
		};
/* End XCConfigurationList section */
	};
	rootObject = C75F827A2B51D7AB0098123B /* Project object */;
}
